
Microsoft Visual Studio Solution File, Format Version 12.00
# Visual Studio Version 17
VisualStudioVersion = 17.5.002.0
MinimumVisualStudioVersion = 10.0.40219.1
Project("{9A19103F-16F7-4668-BE54-9A1E7A4F7556}") = "tl1-proyectofinal2024-Maiguelon", "tl1-proyectofinal2024-Maiguelon\tl1-proyectofinal2024-Maiguelon.csproj", "{49B73996-AAEF-4C49-AE0C-AACA35DE4CC9}"
EndProject
Global
	GlobalSection(SolutionConfigurationPlatforms) = preSolution
		Debug|Any CPU = Debug|Any CPU
		Release|Any CPU = Release|Any CPU
	EndGlobalSection
	GlobalSection(ProjectConfigurationPlatforms) = postSolution
		{49B73996-AAEF-4C49-AE0C-AACA35DE4CC9}.Debug|Any CPU.ActiveCfg = Debug|Any CPU
		{49B73996-AAEF-4C49-AE0C-AACA35DE4CC9}.Debug|Any CPU.Build.0 = Debug|Any CPU
		{49B73996-AAEF-4C49-AE0C-AACA35DE4CC9}.Release|Any CPU.ActiveCfg = Release|Any CPU
		{49B73996-AAEF-4C49-AE0C-AACA35DE4CC9}.Release|Any CPU.Build.0 = Release|Any CPU
	EndGlobalSection
	GlobalSection(SolutionProperties) = preSolution
		HideSolutionNode = FALSE
	EndGlobalSection
	GlobalSection(ExtensibilityGlobals) = postSolution
		SolutionGuid = {833A72B3-A6B5-4955-9953-348827E3FBCE}
	EndGlobalSection
EndGlobal
